<?xml version="1.0" encoding="utf-8"?>
<Project ToolsVersion="4.0" xmlns="http://schemas.microsoft.com/developer/msbuild/2003">
  <ItemGroup>
    <Filter Include="Enemy">
      <UniqueIdentifier>{3dcf1b5a-11af-495d-ade4-35535cec65d3}</UniqueIdentifier>
    </Filter>
    <Filter Include="StaticObjects">
      <UniqueIdentifier>{872328c3-c540-435e-af3c-9429f9b4477a}</UniqueIdentifier>
    </Filter>
    <Filter Include="Player">
      <UniqueIdentifier>{75e610b1-db69-49a5-9a4a-54c1bcae3bdd}</UniqueIdentifier>
    </Filter>
    <Filter Include="BehaviralTree">
      <UniqueIdentifier>{36a92a86-c16e-4a9b-a6ef-c2f9b09c7ba7}</UniqueIdentifier>
    </Filter>
    <Filter Include="Character">
      <UniqueIdentifier>{a9467769-8ddb-4028-b249-c12ae3163ccf}</UniqueIdentifier>
    </Filter>
    <Filter Include="Level1">
      <UniqueIdentifier>{26fee250-993b-4b69-90a4-b5eaf4365452}</UniqueIdentifier>
    </Filter>
    <Filter Include="Sound">
      <UniqueIdentifier>{ae7bc84c-1f2d-4221-9eef-b1c6bc2e518a}</UniqueIdentifier>
	</Filter>
	<Filter Include="UI">
      <UniqueIdentifier>{cceed043-a865-438a-a47c-7b270747f3c8}</UniqueIdentifier>
    </Filter>
  </ItemGroup>
  <ItemGroup>
    <ClCompile Include="EnemyJumpScript.cpp">
      <Filter>Enemy</Filter>
    </ClCompile>
    <ClCompile Include="Enemy.cpp">
      <Filter>Enemy</Filter>
    </ClCompile>
    <ClCompile Include="TubeScript.cpp">
      <Filter>StaticObjects</Filter>
    </ClCompile>
    <ClCompile Include="SegmentTrigger.cpp">
      <Filter>StaticObjects</Filter>
    </ClCompile>
    <ClCompile Include="AttackMove.cpp">
      <Filter>Player</Filter>
    </ClCompile>
    <ClCompile Include="AIBTs.cpp">
      <Filter>BehaviralTree</Filter>
    </ClCompile>
    <ClCompile Include="AIScript.cpp">
      <Filter>BehaviralTree</Filter>
    </ClCompile>
    <ClCompile Include="ChasingLeaf.cpp">
      <Filter>BehaviralTree</Filter>
    </ClCompile>
    <ClCompile Include="SearchingLeaf.cpp">
      <Filter>BehaviralTree</Filter>
    </ClCompile>
    <ClCompile Include="DebugControl.cpp">
      <Filter>Player</Filter>
    </ClCompile>
    <ClCompile Include="PlayerControl.cpp">
      <Filter>Player</Filter>
    </ClCompile>
    <ClCompile Include="PlayerScript.cpp">
      <Filter>Player</Filter>
    </ClCompile>
    <ClCompile Include="AttackScript.cpp">
      <Filter>Player</Filter>
    </ClCompile>
    <ClCompile Include="StarCreation.cpp">
      <Filter>Player</Filter>
    </ClCompile>
    <ClCompile Include="RidableScript.cpp">
      <Filter>StaticObjects</Filter>
    </ClCompile>
    <ClCompile Include="MovableScript.cpp">
      <Filter>StaticObjects</Filter>
    </ClCompile>
    <ClCompile Include="FeetScript.cpp">
      <Filter>Character</Filter>
    </ClCompile>
    <ClCompile Include="HeadScript.cpp">
      <Filter>Character</Filter>
    </ClCompile>
    <ClCompile Include="MoveScript.cpp">
      <Filter>Character</Filter>
    </ClCompile>
    <ClCompile Include="FieldNames.cpp" />
    <ClCompile Include="WinMain.cpp" />
    <ClCompile Include="CollideTopScript.cpp">
      <Filter>Character</Filter>
    </ClCompile>
    <ClCompile Include="PatrolLeaf.cpp">
      <Filter>BehaviralTree</Filter>
    </ClCompile>
    <ClCompile Include="SpawnPoint.cpp">
      <Filter>StaticObjects</Filter>
    </ClCompile>
    <ClCompile Include="SegmentScript.cpp">
      <Filter>StaticObjects</Filter>
    </ClCompile>
    <ClCompile Include="ObjectRidable.cpp">
      <Filter>Character</Filter>
    </ClCompile>
    <ClCompile Include="CameraBoundingBox.cpp">
      <Filter>StaticObjects</Filter>
    </ClCompile>
    <ClCompile Include="CanonBallScript.cpp">
      <Filter>Enemy</Filter>
    </ClCompile>
    <ClCompile Include="ShootScript.cpp">
      <Filter>Enemy</Filter>
    </ClCompile>
    <ClCompile Include="HealthScript.cpp">
      <Filter>Character</Filter>
    </ClCompile>
    <ClCompile Include="IFrameFlash.cpp">
      <Filter>Character</Filter>
    </ClCompile>
    <ClCompile Include="FootEnemyScript.cpp">
      <Filter>Enemy</Filter>
    </ClCompile>
    <ClCompile Include="DropBombScript.cpp">
      <Filter>Enemy</Filter>
    </ClCompile>
    <ClCompile Include="ElectricScript.cpp">
      <Filter>Enemy</Filter>
    </ClCompile>
    <ClCompile Include="Crouching.cpp">
      <Filter>Enemy</Filter>
    </ClCompile>
    <ClCompile Include="ElectricSpawn.cpp">
      <Filter>Level1</Filter>
    </ClCompile>
    <ClCompile Include="DeadAnimationScript.cpp">
      <Filter>Player</Filter>
    </ClCompile>
    <ClCompile Include="BaseSoundScript.cpp">
      <Filter>Sound</Filter>
    </ClCompile>
    <ClCompile Include="SoundManager.cpp">
      <Filter>Sound</Filter>
    </ClCompile>
    <ClCompile Include="PlayerSound.cpp">
      <Filter>Sound</Filter>
	</ClCompile>
	<ClCompile Include="HealthUIComponent.cpp">
      <Filter>UI</Filter>
    </ClCompile>
    <ClCompile Include="PlayerScoreBoard.cpp">
      <Filter>UI</Filter>
    </ClCompile>
    <ClCompile Include="HealthBarScript.cpp">
      <Filter>UI</Filter>
    </ClCompile>
  </ItemGroup>
  <ItemGroup>
    <ClInclude Include="AIBTs.h">
      <Filter>BehaviralTree</Filter>
    </ClInclude>
    <ClInclude Include="AIScript.h">
      <Filter>BehaviralTree</Filter>
    </ClInclude>
    <ClInclude Include="ChasingLeaf.h">
      <Filter>BehaviralTree</Filter>
    </ClInclude>
    <ClInclude Include="EnemyJumpScript.h">
      <Filter>Enemy</Filter>
    </ClInclude>
    <ClInclude Include="Enemy.h">
      <Filter>Enemy</Filter>
    </ClInclude>
    <ClInclude Include="TubeScript.h">
      <Filter>StaticObjects</Filter>
    </ClInclude>
    <ClInclude Include="SegmentTrigger.h">
      <Filter>StaticObjects</Filter>
    </ClInclude>
    <ClInclude Include="AttackScript.h">
      <Filter>Player</Filter>
    </ClInclude>
    <ClInclude Include="StarCreation.h">
      <Filter>Player</Filter>
    </ClInclude>
    <ClInclude Include="RidableScript.h">
      <Filter>StaticObjects</Filter>
    </ClInclude>
    <ClInclude Include="MovableScript.h">
      <Filter>StaticObjects</Filter>
    </ClInclude>
    <ClInclude Include="AttackMove.h">
      <Filter>Player</Filter>
    </ClInclude>
    <ClInclude Include="DebugControl.h">
      <Filter>Player</Filter>
    </ClInclude>
    <ClInclude Include="PlayerControl.h">
      <Filter>Player</Filter>
    </ClInclude>
    <ClInclude Include="PlayerScript.h">
      <Filter>Player</Filter>
    </ClInclude>
    <ClInclude Include="MoveScript.h">
      <Filter>Character</Filter>
    </ClInclude>
    <ClInclude Include="HeadScript.h">
      <Filter>Character</Filter>
    </ClInclude>
    <ClInclude Include="FeetScript.h">
      <Filter>Character</Filter>
    </ClInclude>
    <ClInclude Include="FieldNames.h" />
    <ClInclude Include="SearchingLeaf.h">
      <Filter>BehaviralTree</Filter>
    </ClInclude>
    <ClInclude Include="CollideTopScript.h">
      <Filter>Character</Filter>
    </ClInclude>
    <ClInclude Include="PatrolLeaf.h">
      <Filter>BehaviralTree</Filter>
    </ClInclude>
    <ClInclude Include="SpawnPoint.h">
      <Filter>StaticObjects</Filter>
    </ClInclude>
    <ClInclude Include="SegmentScript.h">
      <Filter>StaticObjects</Filter>
    </ClInclude>
    <ClInclude Include="ObjectRidable.h">
      <Filter>Character</Filter>
    </ClInclude>
    <ClInclude Include="CameraBoundingBox.h">
      <Filter>StaticObjects</Filter>
    </ClInclude>
    <ClInclude Include="CanonBallScript.h">
      <Filter>Enemy</Filter>
    </ClInclude>
    <ClInclude Include="ShootScript.h">
      <Filter>Enemy</Filter>
    </ClInclude>
    <ClInclude Include="HealthScript.h">
      <Filter>Character</Filter>
    </ClInclude>
    <ClInclude Include="IFrameFlash.h">
      <Filter>Character</Filter>
    </ClInclude>
    <ClInclude Include="FootEnemyScript.h">
      <Filter>Enemy</Filter>
    </ClInclude>
    <ClInclude Include="ElectricScript.h">
      <Filter>Enemy</Filter>
    </ClInclude>
    <ClInclude Include="DropBombScript.h">
      <Filter>Enemy</Filter>
    </ClInclude>
    <ClInclude Include="Crouching.h">
      <Filter>Enemy</Filter>
    </ClInclude>
    <ClInclude Include="ElectricSpawn.h">
      <Filter>Level1</Filter>
    </ClInclude>
    <ClInclude Include="DeadAnimationScript.h">
      <Filter>Player</Filter>
    </ClInclude>
    <ClInclude Include="BaseSoundScript.h">
      <Filter>Sound</Filter>
    </ClInclude>
    <ClInclude Include="SoundManager.h">
      <Filter>Sound</Filter>
    </ClInclude>
    <ClInclude Include="PlayerSound.h">
      <Filter>Sound</Filter>
	</ClInclude>
	<ClInclude Include="HealthUIComponent.h">
      <Filter>UI</Filter>
    </ClInclude>
    <ClInclude Include="PlayerScoreBoard.h">
      <Filter>UI</Filter>
    </ClInclude>
    <ClInclude Include="HealthBarScript.h">
      <Filter>UI</Filter>
    </ClInclude>
  </ItemGroup>
</Project>