<?xml version="1.0" encoding="utf-8"?>
<Project ToolsVersion="4.0" xmlns="http://schemas.microsoft.com/developer/msbuild/2003">
  <ItemGroup>
    <Filter Include="FrameWork">
      <UniqueIdentifier>{11d96ceb-1414-4fa6-a68f-bcfa1e7df00d}</UniqueIdentifier>
    </Filter>
    <Filter Include="FrameWork\Window">
      <UniqueIdentifier>{780a9544-4b45-4094-a149-cdb1b97f043e}</UniqueIdentifier>
    </Filter>
    <Filter Include="FrameWork\Window\Header Files">
      <UniqueIdentifier>{93995380-89BD-4b04-88EB-625FBE52EBFB}</UniqueIdentifier>
      <Extensions>h;hh;hpp;hxx;h++;hm;inl;inc;ipp;xsd</Extensions>
    </Filter>
    <Filter Include="FrameWork\Window\Source Files">
      <UniqueIdentifier>{4FC737F1-C7A5-4376-A066-2A32D752A2FF}</UniqueIdentifier>
      <Extensions>cpp;c;cc;cxx;c++;cppm;ixx;def;odl;idl;hpj;bat;asm;asmx</Extensions>
    </Filter>
    <Filter Include="FrameWork\Engine">
      <UniqueIdentifier>{3d31615c-a89c-495f-8e01-b7e946a00de8}</UniqueIdentifier>
    </Filter>
    <Filter Include="FrameWork\Window\Resource">
      <UniqueIdentifier>{ab54e118-694e-4aa2-9f86-ea02e3f49172}</UniqueIdentifier>
    </Filter>
    <Filter Include="FrameWork\Resource">
      <UniqueIdentifier>{fc16ac28-7441-4030-8831-574bdebeeac1}</UniqueIdentifier>
    </Filter>
    <Filter Include="FrameWork\Engine\AppComponents">
      <UniqueIdentifier>{07596afc-66c0-4a7d-b54a-0fa0f5a6cfc4}</UniqueIdentifier>
    </Filter>
    <Filter Include="FrameWork\Engine\GameComponents">
      <UniqueIdentifier>{b8a8026c-e864-449b-8f5e-6ac471cec9db}</UniqueIdentifier>
    </Filter>
    <Filter Include="FrameWork\Engine\Wrapper">
      <UniqueIdentifier>{99059f9a-fab3-4233-a031-8395beb2a2d2}</UniqueIdentifier>
    </Filter>
    <Filter Include="FrameWork\Engine\ThirdParty">
      <UniqueIdentifier>{6370c98c-a5cb-43b8-9c52-d2f55dddd67c}</UniqueIdentifier>
    </Filter>
    <Filter Include="FrameWork\Engine\BTs">
      <UniqueIdentifier>{33f43b3e-a12e-4850-98f8-853d08997702}</UniqueIdentifier>
    </Filter>
    <Filter Include="FrameWork\Engine\Containers">
      <UniqueIdentifier>{82114ada-612c-43f0-83b4-972754f4a559}</UniqueIdentifier>
    </Filter>
    <Filter Include="FrameWork\Utilities">
      <UniqueIdentifier>{9688644e-e7a1-4623-9913-164ed426aec7}</UniqueIdentifier>
    </Filter>
    <Filter Include="FrameWork\Engine\Scripts">
      <UniqueIdentifier>{1b9a016a-5a86-479e-ac48-a5e3f9df770e}</UniqueIdentifier>
    </Filter>
    <Filter Include="FrameWork\PhysicEngine">
      <UniqueIdentifier>{8330b262-acb3-437e-891e-a8b07925632f}</UniqueIdentifier>
    </Filter>
    <Filter Include="FrameWork\PhysicEngine\Components">
      <UniqueIdentifier>{0deb4047-11bd-4001-9948-825099c8bdf8}</UniqueIdentifier>
    </Filter>
    <Filter Include="FrameWork\PhysicEngine\Scripts">
      <UniqueIdentifier>{6e91b973-a356-4e10-9511-85f3c73da653}</UniqueIdentifier>
    </Filter>
    <Filter Include="FrameWork\PhysicEngine\Shapes">
      <UniqueIdentifier>{3b28d632-a55f-41f1-81aa-f4d0d581ac1d}</UniqueIdentifier>
    </Filter>
    <Filter Include="FrameWork\Math">
      <UniqueIdentifier>{bcbf7e90-a662-41d4-a443-f383175b31a9}</UniqueIdentifier>
    </Filter>
    <Filter Include="FrameWork\Engine\GameComponents\GameObject">
      <UniqueIdentifier>{31da83a7-ad85-47d5-8271-4c2440e1232e}</UniqueIdentifier>
    </Filter>
    <Filter Include="FrameWork\Engine\GameComponents\Graphics">
      <UniqueIdentifier>{e0bc74c7-1771-4313-83e0-742c413a8b5a}</UniqueIdentifier>
    </Filter>
    <Filter Include="FrameWork\Engine\GameComponents\Scenes">
      <UniqueIdentifier>{92f88517-a016-4fcd-9e5a-7690af03eefb}</UniqueIdentifier>
    </Filter>
    <Filter Include="FrameWork\Engine\AnimationComponents">
      <UniqueIdentifier>{2fb6a5bf-48ff-4ff6-a3c0-3a2a6e4f92bb}</UniqueIdentifier>
    </Filter>
    <Filter Include="FrameWork\Engine\GameComponents\Input">
      <UniqueIdentifier>{61f820df-41b7-4ec4-9d25-79e48d1cd266}</UniqueIdentifier>
    </Filter>
  </ItemGroup>
  <ItemGroup>
    <ClInclude Include="Framework\Window\Window.h">
      <Filter>FrameWork\Window\Header Files</Filter>
    </ClInclude>
    <ClInclude Include="Framework\Window\CornException.h">
      <Filter>FrameWork\Window\Header Files</Filter>
    </ClInclude>
    <ClInclude Include="Framework\Window\Mouse.h">
      <Filter>FrameWork\Window\Header Files</Filter>
    </ClInclude>
    <ClInclude Include="Framework\Window\CornWnd.h">
      <Filter>FrameWork\Window\Header Files</Filter>
    </ClInclude>
    <ClInclude Include="Framework\Window\KeyBoard.h">
      <Filter>FrameWork\Window\Header Files</Filter>
    </ClInclude>
    <ClInclude Include="resource.h">
      <Filter>FrameWork\Resource</Filter>
    </ClInclude>
    <ClInclude Include="Framework\Engine\AppComponents\LoadingJson.h">
      <Filter>FrameWork\Engine\AppComponents</Filter>
    </ClInclude>
    <ClInclude Include="Framework\Engine\AppComponents\Setting.h">
      <Filter>FrameWork\Engine\AppComponents</Filter>
    </ClInclude>
    <ClInclude Include="Framework\Engine\AppComponents\SpaghettiEnginePath.h">
      <Filter>FrameWork\Engine\AppComponents</Filter>
    </ClInclude>
    <ClInclude Include="Framework\Engine\AppComponents\WinMain.h">
      <Filter>FrameWork\Engine\AppComponents</Filter>
    </ClInclude>
    <ClInclude Include="Framework\Engine\AppComponents\App.h">
      <Filter>FrameWork\Engine\AppComponents</Filter>
    </ClInclude>
    <ClInclude Include="Framework\Engine\BTs\Node.h">
      <Filter>FrameWork\Engine\BTs</Filter>
    </ClInclude>
    <ClInclude Include="Framework\Engine\BTs\ObservePattern.h">
      <Filter>FrameWork\Engine\BTs</Filter>
    </ClInclude>
    <ClInclude Include="Framework\Engine\BTs\ParalelNode.h">
      <Filter>FrameWork\Engine\BTs</Filter>
    </ClInclude>
    <ClInclude Include="Framework\Engine\BTs\SelectorNode.h">
      <Filter>FrameWork\Engine\BTs</Filter>
    </ClInclude>
    <ClInclude Include="Framework\Engine\BTs\SequenceNode.h">
      <Filter>FrameWork\Engine\BTs</Filter>
    </ClInclude>
    <ClInclude Include="Framework\Engine\BTs\ServiceNodes.h">
      <Filter>FrameWork\Engine\BTs</Filter>
    </ClInclude>
    <ClInclude Include="Framework\Engine\BTs\BlackBoard.h">
      <Filter>FrameWork\Engine\BTs</Filter>
    </ClInclude>
    <ClInclude Include="Framework\Engine\BTs\BTs.h">
      <Filter>FrameWork\Engine\BTs</Filter>
    </ClInclude>
    <ClInclude Include="Framework\Engine\BTs\Condition.h">
      <Filter>FrameWork\Engine\BTs</Filter>
    </ClInclude>
    <ClInclude Include="Framework\Engine\BTs\BTMacros.h">
      <Filter>FrameWork\Engine\BTs</Filter>
    </ClInclude>
    <ClInclude Include="Framework\Engine\Containers\Sprite.h">
      <Filter>FrameWork\Engine\Containers</Filter>
    </ClInclude>
    <ClInclude Include="Framework\Engine\Containers\Texture.h">
      <Filter>FrameWork\Engine\Containers</Filter>
    </ClInclude>
    <ClInclude Include="Framework\Engine\Containers\TileSet.h">
      <Filter>FrameWork\Engine\Containers</Filter>
    </ClInclude>
    <ClInclude Include="Framework\Engine\Containers\Animation.h">
      <Filter>FrameWork\Engine\Containers</Filter>
    </ClInclude>
    <ClInclude Include="Framework\Engine\Containers\Prefabs.h">
      <Filter>FrameWork\Engine\Containers</Filter>
    </ClInclude>
    <ClInclude Include="Framework\Engine\Containers\ResourceContainer.h">
      <Filter>FrameWork\Engine\Containers</Filter>
    </ClInclude>
    <ClInclude Include="Framework\Engine\GameComponents\Game.h">
      <Filter>FrameWork\Engine\GameComponents</Filter>
    </ClInclude>
    <ClInclude Include="Framework\Engine\ThirdParty\json.hpp">
      <Filter>FrameWork\Engine\ThirdParty</Filter>
    </ClInclude>
    <ClInclude Include="Framework\Engine\Wrapper\Sound.h">
      <Filter>FrameWork\Engine\Wrapper</Filter>
    </ClInclude>
    <ClInclude Include="Framework\Engine\Wrapper\CornDirectX.h">
      <Filter>FrameWork\Engine\Wrapper</Filter>
    </ClInclude>
    <ClInclude Include="Framework\Engine\Wrapper\GameWnd.h">
      <Filter>FrameWork\Engine\Wrapper</Filter>
    </ClInclude>
    <ClInclude Include="Framework\Engine\Wrapper\GameTimer.h">
      <Filter>FrameWork\Engine\GameComponents</Filter>
    </ClInclude>
    <ClInclude Include="Framework\Utilities\MultiThread.h">
      <Filter>FrameWork\Utilities</Filter>
    </ClInclude>
    <ClInclude Include="Framework\Utilities\Path.h">
      <Filter>FrameWork\Utilities</Filter>
    </ClInclude>
    <ClInclude Include="Framework\Utilities\Plane2D.h">
      <Filter>FrameWork\Utilities</Filter>
    </ClInclude>
    <ClInclude Include="Framework\Utilities\StringConverter.h">
      <Filter>FrameWork\Utilities</Filter>
    </ClInclude>
    <ClInclude Include="Framework\Utilities\Timer.h">
      <Filter>FrameWork\Utilities</Filter>
    </ClInclude>
    <ClInclude Include="Framework\Utilities\Debug.h">
      <Filter>FrameWork\Utilities</Filter>
    </ClInclude>
    <ClInclude Include="Framework\Utilities\ExMath.h">
      <Filter>FrameWork\Utilities</Filter>
    </ClInclude>
    <ClInclude Include="Framework\Utilities\Extra.h">
      <Filter>FrameWork\Utilities</Filter>
    </ClInclude>
    <ClInclude Include="Framework\Utilities\Monitor.h">
      <Filter>FrameWork\Utilities</Filter>
    </ClInclude>
    <ClInclude Include="Framework\Engine\Scripts\SpriteRenderer.h">
      <Filter>FrameWork\Engine\Scripts</Filter>
    </ClInclude>
    <ClInclude Include="Framework\Engine\Scripts\TileMapRenderer.h">
      <Filter>FrameWork\Engine\Scripts</Filter>
    </ClInclude>
    <ClInclude Include="Framework\Engine\Scripts\Camera.h">
      <Filter>FrameWork\Engine\Scripts</Filter>
    </ClInclude>
    <ClInclude Include="Framework\Engine\Scripts\Render2DScriptBase.h">
      <Filter>FrameWork\Engine\Scripts</Filter>
    </ClInclude>
    <ClInclude Include="Framework\Engine\Scripts\ScriptBase.h">
      <Filter>FrameWork\Engine\Scripts</Filter>
    </ClInclude>
    <ClInclude Include="Framework\PhysicEngine\Scripts\Collider2DBase.h">
      <Filter>FrameWork\PhysicEngine\Scripts</Filter>
    </ClInclude>
    <ClInclude Include="Framework\PhysicEngine\Scripts\RigidBody2D.h">
      <Filter>FrameWork\PhysicEngine\Scripts</Filter>
    </ClInclude>
    <ClInclude Include="Framework\PhysicEngine\Components\Physic.h">
      <Filter>FrameWork\PhysicEngine\Components</Filter>
    </ClInclude>
    <ClInclude Include="Framework\PhysicEngine\Components\Body2D.h">
      <Filter>FrameWork\PhysicEngine\Components</Filter>
    </ClInclude>
    <ClInclude Include="Framework\PhysicEngine\Components\Collision.h">
      <Filter>FrameWork\PhysicEngine\Components</Filter>
    </ClInclude>
    <ClInclude Include="Framework\PhysicEngine\Shapes\Shape.h">
      <Filter>FrameWork\PhysicEngine\Shapes</Filter>
    </ClInclude>
    <ClInclude Include="Framework\PhysicEngine\Shapes\Circle.h">
      <Filter>FrameWork\PhysicEngine\Shapes</Filter>
    </ClInclude>
    <ClInclude Include="Framework\PhysicEngine\Shapes\Polygon.h">
      <Filter>FrameWork\PhysicEngine\Shapes</Filter>
    </ClInclude>
    <ClInclude Include="Framework\PhysicEngine\Components\PhysicMath.h">
      <Filter>FrameWork\PhysicEngine\Components</Filter>
    </ClInclude>
    <ClInclude Include="Framework\Math\Vector3.h">
      <Filter>FrameWork\Math</Filter>
    </ClInclude>
    <ClInclude Include="Framework\Math\Matrix.h">
      <Filter>FrameWork\Math</Filter>
    </ClInclude>
    <ClInclude Include="Framework\Utilities\Macros.h">
      <Filter>FrameWork\Utilities</Filter>
    </ClInclude>
    <ClInclude Include="Framework\Math\SMath.h">
      <Filter>FrameWork\Math</Filter>
    </ClInclude>
    <ClInclude Include="Framework\PhysicEngine\Components\Material.h">
      <Filter>FrameWork\PhysicEngine\Components</Filter>
    </ClInclude>
    <ClInclude Include="Framework\PhysicEngine\Components\PhysicComponent.h">
      <Filter>FrameWork\PhysicEngine\Components</Filter>
    </ClInclude>
    <ClInclude Include="Framework\PhysicEngine\Scripts\CircleCollider.h">
      <Filter>FrameWork\PhysicEngine\Scripts</Filter>
    </ClInclude>
    <ClInclude Include="Framework\PhysicEngine\Scripts\PhysicScriptBase.h">
      <Filter>FrameWork\PhysicEngine\Scripts</Filter>
    </ClInclude>
    <ClInclude Include="Framework\Utilities\ContainerUtil.h">
      <Filter>FrameWork\Utilities</Filter>
    </ClInclude>
    <ClInclude Include="Framework\PhysicEngine\Scripts\Polygon2DCollider.h">
      <Filter>FrameWork\PhysicEngine\Scripts</Filter>
    </ClInclude>
    <ClInclude Include="Framework\Engine\Wrapper\Color.h">
      <Filter>FrameWork\Engine\Wrapper</Filter>
    </ClInclude>
    <ClInclude Include="Framework\Engine\ThirdParty\polypartition.h">
      <Filter>FrameWork\Engine\ThirdParty</Filter>
    </ClInclude>
    <ClInclude Include="Framework\PhysicEngine\Components\CollideEvent.h">
      <Filter>FrameWork\PhysicEngine\Components</Filter>
    </ClInclude>
    <ClInclude Include="Framework\PhysicEngine\Components\MaterialContainer.h">
      <Filter>FrameWork\Engine\Containers</Filter>
    </ClInclude>
    <ClInclude Include="Framework\Engine\GameComponents\GameObj.h">
      <Filter>FrameWork\Engine\GameComponents\GameObject</Filter>
    </ClInclude>
    <ClInclude Include="Framework\Engine\GameComponents\Transform.h">
      <Filter>FrameWork\Engine\GameComponents\GameObject</Filter>
    </ClInclude>
    <ClInclude Include="Framework\Engine\GameComponents\ScriptContainer.h">
      <Filter>FrameWork\Engine\GameComponents\GameObject</Filter>
    </ClInclude>
    <ClInclude Include="Framework\Engine\GameComponents\ChildContainer.h">
      <Filter>FrameWork\Engine\GameComponents\GameObject</Filter>
    </ClInclude>
    <ClInclude Include="Framework\Utilities\Corntainer.h">
      <Filter>FrameWork\Utilities</Filter>
    </ClInclude>
    <ClInclude Include="Framework\Engine\GameComponents\SceneManager.h">
      <Filter>FrameWork\Engine\GameComponents\Scenes</Filter>
    </ClInclude>
    <ClInclude Include="Framework\Engine\GameComponents\RootContainer.h">
      <Filter>FrameWork\Engine\GameComponents\Scenes</Filter>
    </ClInclude>
    <ClInclude Include="Framework\Engine\GameComponents\Scene.h">
      <Filter>FrameWork\Engine\GameComponents\Scenes</Filter>
    </ClInclude>
    <ClInclude Include="Framework\Engine\GameComponents\BaseComponent.h">
      <Filter>FrameWork\Engine\GameComponents\Scenes</Filter>
    </ClInclude>
    <ClInclude Include="Framework\Engine\GameComponents\Graphics.h">
      <Filter>FrameWork\Engine\GameComponents\Graphics</Filter>
    </ClInclude>
    <ClInclude Include="Framework\Engine\AnimationComponents\AnimationTree.h">
      <Filter>FrameWork\Engine\AnimationComponents</Filter>
    </ClInclude>
    <ClInclude Include="Framework\Engine\AnimationComponents\AnimationNode.h">
      <Filter>FrameWork\Engine\AnimationComponents</Filter>
    </ClInclude>
    <ClInclude Include="Framework\Engine\Scripts\Animator.h">
      <Filter>FrameWork\Engine\AnimationComponents</Filter>
    </ClInclude>
    <ClInclude Include="Framework\Engine\BTs\TrueFalseLeafNode.h">
      <Filter>FrameWork\Engine\BTs</Filter>
    </ClInclude>
    <ClInclude Include="Framework\Engine\GameComponents\Input.h">
      <Filter>FrameWork\Engine\GameComponents\Input</Filter>
    </ClInclude>
    <ClInclude Include="Framework\Engine\GameComponents\InputSystem.h">
      <Filter>FrameWork\Engine\GameComponents\Input</Filter>
    </ClInclude>
    <ClInclude Include="Framework\Engine\GameComponents\InputAll.h">
      <Filter>FrameWork\Engine\GameComponents\Input</Filter>
    </ClInclude>
    <ClInclude Include="Framework\Engine\GameComponents\InputState.h">
      <Filter>FrameWork\Engine\GameComponents\Input</Filter>
    </ClInclude>
    <ClInclude Include="Framework\Engine\GameComponents\DirectX9Graphic.h">
      <Filter>FrameWork\Engine\GameComponents\Graphics</Filter>
    </ClInclude>
    <ClInclude Include="Framework\Engine\GameComponents\DebugRenderer.h">
      <Filter>FrameWork\Engine\GameComponents\Graphics</Filter>
    </ClInclude>
    <ClInclude Include="Framework\Engine\GameComponents\Tag.h">
      <Filter>FrameWork\Engine\GameComponents\GameObject</Filter>
    </ClInclude>
    <ClInclude Include="Framework\Utilities\StringUtil.h">
      <Filter>FrameWork\Utilities</Filter>
    </ClInclude>
    <ClInclude Include="Framework\Engine\Scripts\Surface.h">
      <Filter>FrameWork\Engine\Scripts</Filter>
    </ClInclude>
  </ItemGroup>
  <ItemGroup>
    <ClCompile Include="Framework\Window\Window.cpp">
      <Filter>FrameWork\Window\Source Files</Filter>
    </ClCompile>
    <ClCompile Include="Framework\Window\CornException.cpp">
      <Filter>FrameWork\Window\Source Files</Filter>
    </ClCompile>
    <ClCompile Include="Framework\Window\Mouse.cpp">
      <Filter>FrameWork\Window\Source Files</Filter>
    </ClCompile>
    <ClCompile Include="Framework\Window\KeyBoard.cpp">
      <Filter>FrameWork\Window\Source Files</Filter>
    </ClCompile>
    <ClCompile Include="Framework\Engine\AppComponents\Setting.cpp">
      <Filter>FrameWork\Engine\AppComponents</Filter>
    </ClCompile>
    <ClCompile Include="Framework\Engine\AppComponents\WinMain.cpp">
      <Filter>FrameWork\Engine\AppComponents</Filter>
    </ClCompile>
    <ClCompile Include="Framework\Engine\AppComponents\App.cpp">
      <Filter>FrameWork\Engine\AppComponents</Filter>
    </ClCompile>
    <ClCompile Include="Framework\Engine\AppComponents\LoadingJson.cpp">
      <Filter>FrameWork\Engine\AppComponents</Filter>
    </ClCompile>
    <ClCompile Include="Framework\Engine\BTs\ObservePattern.cpp">
      <Filter>FrameWork\Engine\BTs</Filter>
    </ClCompile>
    <ClCompile Include="Framework\Engine\BTs\ParalelNode.cpp">
      <Filter>FrameWork\Engine\BTs</Filter>
    </ClCompile>
    <ClCompile Include="Framework\Engine\BTs\SelectorNode.cpp">
      <Filter>FrameWork\Engine\BTs</Filter>
    </ClCompile>
    <ClCompile Include="Framework\Engine\BTs\SequenceNode.cpp">
      <Filter>FrameWork\Engine\BTs</Filter>
    </ClCompile>
    <ClCompile Include="Framework\Engine\BTs\ServiceNodes.cpp">
      <Filter>FrameWork\Engine\BTs</Filter>
    </ClCompile>
    <ClCompile Include="Framework\Engine\BTs\BlackBoard.cpp">
      <Filter>FrameWork\Engine\BTs</Filter>
    </ClCompile>
    <ClCompile Include="Framework\Engine\BTs\BTs.cpp">
      <Filter>FrameWork\Engine\BTs</Filter>
    </ClCompile>
    <ClCompile Include="Framework\Engine\BTs\Condition.cpp">
      <Filter>FrameWork\Engine\BTs</Filter>
    </ClCompile>
    <ClCompile Include="Framework\Engine\BTs\Node.cpp">
      <Filter>FrameWork\Engine\BTs</Filter>
    </ClCompile>
    <ClCompile Include="Framework\Engine\Containers\Sprite.cpp">
      <Filter>FrameWork\Engine\Containers</Filter>
    </ClCompile>
    <ClCompile Include="Framework\Engine\Containers\Texture.cpp">
      <Filter>FrameWork\Engine\Containers</Filter>
    </ClCompile>
    <ClCompile Include="Framework\Engine\Containers\TileSet.cpp">
      <Filter>FrameWork\Engine\Containers</Filter>
    </ClCompile>
    <ClCompile Include="Framework\Engine\Containers\Animation.cpp">
      <Filter>FrameWork\Engine\Containers</Filter>
    </ClCompile>
    <ClCompile Include="Framework\Engine\Containers\Prefabs.cpp">
      <Filter>FrameWork\Engine\Containers</Filter>
    </ClCompile>
    <ClCompile Include="Framework\Engine\Containers\ResourceContainer.cpp">
      <Filter>FrameWork\Engine\Containers</Filter>
    </ClCompile>
    <ClCompile Include="Framework\Engine\GameComponents\Game.cpp">
      <Filter>FrameWork\Engine\GameComponents</Filter>
    </ClCompile>
    <ClCompile Include="Framework\Engine\Wrapper\Sound.cpp">
      <Filter>FrameWork\Engine\Wrapper</Filter>
    </ClCompile>
    <ClCompile Include="Framework\Engine\Wrapper\GameWnd.cpp">
      <Filter>FrameWork\Engine\Wrapper</Filter>
    </ClCompile>
    <ClCompile Include="Framework\Engine\Wrapper\GameTimer.cpp">
      <Filter>FrameWork\Engine\GameComponents</Filter>
    </ClCompile>
    <ClCompile Include="Framework\Utilities\MultiThread.cpp">
      <Filter>FrameWork\Utilities</Filter>
    </ClCompile>
    <ClCompile Include="Framework\Utilities\Path.cpp">
      <Filter>FrameWork\Utilities</Filter>
    </ClCompile>
    <ClCompile Include="Framework\Utilities\Plane2D.cpp">
      <Filter>FrameWork\Utilities</Filter>
    </ClCompile>
    <ClCompile Include="Framework\Utilities\StringConverter.cpp">
      <Filter>FrameWork\Utilities</Filter>
    </ClCompile>
    <ClCompile Include="Framework\Utilities\Timer.cpp">
      <Filter>FrameWork\Utilities</Filter>
    </ClCompile>
    <ClCompile Include="Framework\Utilities\Debug.cpp">
      <Filter>FrameWork\Utilities</Filter>
    </ClCompile>
    <ClCompile Include="Framework\Utilities\ExMath.cpp">
      <Filter>FrameWork\Utilities</Filter>
    </ClCompile>
    <ClCompile Include="Framework\Utilities\Extra.cpp">
      <Filter>FrameWork\Utilities</Filter>
    </ClCompile>
    <ClCompile Include="Framework\Utilities\Monitor.cpp">
      <Filter>FrameWork\Utilities</Filter>
    </ClCompile>
    <ClCompile Include="Framework\Engine\Scripts\SpriteRenderer.cpp">
      <Filter>FrameWork\Engine\Scripts</Filter>
    </ClCompile>
    <ClCompile Include="Framework\Engine\Scripts\TileMapRenderer.cpp">
      <Filter>FrameWork\Engine\Scripts</Filter>
    </ClCompile>
    <ClCompile Include="Framework\Engine\Scripts\Camera.cpp">
      <Filter>FrameWork\Engine\Scripts</Filter>
    </ClCompile>
    <ClCompile Include="Framework\Engine\Scripts\Render2DScriptBase.cpp">
      <Filter>FrameWork\Engine\Scripts</Filter>
    </ClCompile>
    <ClCompile Include="Framework\Engine\Scripts\ScriptBase.cpp">
      <Filter>FrameWork\Engine\Scripts</Filter>
    </ClCompile>
    <ClCompile Include="Framework\PhysicEngine\Scripts\RigidBody2D.cpp">
      <Filter>FrameWork\PhysicEngine\Scripts</Filter>
    </ClCompile>
    <ClCompile Include="Framework\PhysicEngine\Scripts\Collider2DBase.cpp">
      <Filter>FrameWork\PhysicEngine\Scripts</Filter>
    </ClCompile>
    <ClCompile Include="Framework\PhysicEngine\Components\Physic.cpp">
      <Filter>FrameWork\PhysicEngine\Components</Filter>
    </ClCompile>
    <ClCompile Include="Framework\PhysicEngine\Components\Body2D.cpp">
      <Filter>FrameWork\PhysicEngine\Components</Filter>
    </ClCompile>
    <ClCompile Include="Framework\PhysicEngine\Components\Collision.cpp">
      <Filter>FrameWork\PhysicEngine\Components</Filter>
    </ClCompile>
    <ClCompile Include="Framework\PhysicEngine\Shapes\Shape.cpp">
      <Filter>FrameWork\PhysicEngine\Shapes</Filter>
    </ClCompile>
    <ClCompile Include="Framework\PhysicEngine\Shapes\Circle.cpp">
      <Filter>FrameWork\PhysicEngine\Shapes</Filter>
    </ClCompile>
    <ClCompile Include="Framework\PhysicEngine\Shapes\Polygon.cpp">
      <Filter>FrameWork\PhysicEngine\Shapes</Filter>
    </ClCompile>
    <ClCompile Include="Framework\PhysicEngine\Components\PhysicMath.cpp">
      <Filter>FrameWork\PhysicEngine\Components</Filter>
    </ClCompile>
    <ClCompile Include="Framework\Math\Vector3.cpp">
      <Filter>FrameWork\Math</Filter>
    </ClCompile>
    <ClCompile Include="Framework\Math\Matrix.cpp">
      <Filter>FrameWork\Math</Filter>
    </ClCompile>
    <ClCompile Include="Framework\Math\SMath.cpp">
      <Filter>FrameWork\Math</Filter>
    </ClCompile>
    <ClCompile Include="Framework\PhysicEngine\Components\Material.cpp">
      <Filter>FrameWork\PhysicEngine\Components</Filter>
    </ClCompile>
    <ClCompile Include="Framework\PhysicEngine\Components\PhysicComponent.cpp">
      <Filter>FrameWork\PhysicEngine\Components</Filter>
    </ClCompile>
    <ClCompile Include="Framework\PhysicEngine\Scripts\CircleCollider.cpp">
      <Filter>FrameWork\PhysicEngine\Scripts</Filter>
    </ClCompile>
    <ClCompile Include="Framework\PhysicEngine\Scripts\PhysicScriptBase.cpp">
      <Filter>FrameWork\PhysicEngine\Scripts</Filter>
    </ClCompile>
    <ClCompile Include="Framework\PhysicEngine\Scripts\Polygon2DCollider.cpp">
      <Filter>FrameWork\PhysicEngine\Scripts</Filter>
    </ClCompile>
    <ClCompile Include="Framework\Engine\Wrapper\Color.cpp">
      <Filter>FrameWork\Engine\Wrapper</Filter>
    </ClCompile>
    <ClCompile Include="Framework\Engine\ThirdParty\polypartition.cpp">
      <Filter>FrameWork\Engine\ThirdParty</Filter>
    </ClCompile>
    <ClCompile Include="Framework\PhysicEngine\Components\CollideEvent.cpp">
      <Filter>FrameWork\PhysicEngine\Components</Filter>
    </ClCompile>
    <ClCompile Include="Framework\PhysicEngine\Components\MaterialContainer.cpp">
      <Filter>FrameWork\Engine\Containers</Filter>
    </ClCompile>
    <ClCompile Include="Framework\Engine\GameComponents\GameObj.cpp">
      <Filter>FrameWork\Engine\GameComponents\GameObject</Filter>
    </ClCompile>
    <ClCompile Include="Framework\Engine\GameComponents\GameObjEvent.cpp">
      <Filter>FrameWork\Engine\GameComponents\GameObject</Filter>
    </ClCompile>
    <ClCompile Include="Framework\Engine\GameComponents\Transform.cpp">
      <Filter>FrameWork\Engine\GameComponents\GameObject</Filter>
    </ClCompile>
    <ClCompile Include="Framework\Engine\GameComponents\ScriptContainer.cpp">
      <Filter>FrameWork\Engine\GameComponents\GameObject</Filter>
    </ClCompile>
    <ClCompile Include="Framework\Engine\GameComponents\ChildContainer.cpp">
      <Filter>FrameWork\Engine\GameComponents\GameObject</Filter>
    </ClCompile>
    <ClCompile Include="Framework\Engine\GameComponents\RootContainer.cpp">
      <Filter>FrameWork\Engine\GameComponents\Scenes</Filter>
    </ClCompile>
    <ClCompile Include="Framework\Engine\GameComponents\Scene.cpp">
      <Filter>FrameWork\Engine\GameComponents\Scenes</Filter>
    </ClCompile>
    <ClCompile Include="Framework\Engine\GameComponents\SceneManager.cpp">
      <Filter>FrameWork\Engine\GameComponents\Scenes</Filter>
    </ClCompile>
    <ClCompile Include="Framework\Engine\GameComponents\BaseComponent.cpp">
      <Filter>FrameWork\Engine\GameComponents\Scenes</Filter>
    </ClCompile>
    <ClCompile Include="Framework\Engine\GameComponents\Graphics.cpp">
      <Filter>FrameWork\Engine\GameComponents\Graphics</Filter>
    </ClCompile>
    <ClCompile Include="Framework\Engine\AnimationComponents\AnimationTree.cpp">
      <Filter>FrameWork\Engine\AnimationComponents</Filter>
    </ClCompile>
    <ClCompile Include="Framework\Engine\AnimationComponents\AnimationNode.cpp">
      <Filter>FrameWork\Engine\AnimationComponents</Filter>
    </ClCompile>
    <ClCompile Include="Framework\Engine\Scripts\Animator.cpp">
      <Filter>FrameWork\Engine\AnimationComponents</Filter>
    </ClCompile>
    <ClCompile Include="Framework\Engine\BTs\TrueFalseLeafNode.cpp">
      <Filter>FrameWork\Engine\BTs</Filter>
    </ClCompile>
    <ClCompile Include="Framework\Engine\GameComponents\InputSystem.cpp">
      <Filter>FrameWork\Engine\GameComponents\Input</Filter>
    </ClCompile>
    <ClCompile Include="Framework\Engine\GameComponents\Input.cpp">
      <Filter>FrameWork\Engine\GameComponents\Input</Filter>
    </ClCompile>
    <ClCompile Include="Framework\Engine\GameComponents\InputAll.cpp">
      <Filter>FrameWork\Engine\GameComponents\Input</Filter>
    </ClCompile>
    <ClCompile Include="Framework\Engine\GameComponents\InputState.cpp">
      <Filter>FrameWork\Engine\GameComponents\Input</Filter>
    </ClCompile>
    <ClCompile Include="Framework\Engine\GameComponents\DirectX9Graphic.cpp">
      <Filter>FrameWork\Engine\GameComponents\Graphics</Filter>
    </ClCompile>
    <ClCompile Include="Framework\Engine\GameComponents\DebugRenderer.cpp">
      <Filter>FrameWork\Engine\GameComponents\Graphics</Filter>
    </ClCompile>
    <ClCompile Include="Framework\Engine\GameComponents\Tag.cpp">
      <Filter>FrameWork\Engine\GameComponents\GameObject</Filter>
    </ClCompile>
    <ClCompile Include="Framework\Utilities\StringUtil.cpp">
      <Filter>FrameWork\Utilities</Filter>
    </ClCompile>
    <ClCompile Include="Framework\Engine\Scripts\Surface.cpp">
      <Filter>FrameWork\Engine\Scripts</Filter>
    </ClCompile>
  </ItemGroup>
  <ItemGroup>
    <Image Include="Framework\Window\Icon.ico">
      <Filter>FrameWork\Window\Resource</Filter>
    </Image>
  </ItemGroup>
  <ItemGroup>
    <ResourceCompile Include="SpaghettiEngine.rc">
      <Filter>FrameWork\Resource</Filter>
    </ResourceCompile>
  </ItemGroup>
  <ItemGroup>
    <None Include="App.json">
      <Filter>FrameWork\Resource</Filter>
    </None>
    <None Include="Input.json">
      <Filter>FrameWork\Resource</Filter>
    </None>
    <None Include="SpaghettiSettings\SceneManager.json">
      <Filter>FrameWork\Resource</Filter>
    </None>
    <None Include="cpp.hint" />
  </ItemGroup>
  <ItemGroup>
    <Text Include="Framework\Utilities\GitHub.txt">
      <Filter>FrameWork\Utilities</Filter>
    </Text>
  </ItemGroup>
</Project>