<?xml version="1.0" encoding="utf-8"?>
<Project ToolsVersion="4.0" xmlns="http://schemas.microsoft.com/developer/msbuild/2003">
  <ItemGroup>
    <Filter Include="FrameWork">
      <UniqueIdentifier>{11d96ceb-1414-4fa6-a68f-bcfa1e7df00d}</UniqueIdentifier>
    </Filter>
    <Filter Include="FrameWork\Window">
      <UniqueIdentifier>{780a9544-4b45-4094-a149-cdb1b97f043e}</UniqueIdentifier>
    </Filter>
    <Filter Include="FrameWork\Window\Header Files">
      <UniqueIdentifier>{93995380-89BD-4b04-88EB-625FBE52EBFB}</UniqueIdentifier>
      <Extensions>h;hh;hpp;hxx;h++;hm;inl;inc;ipp;xsd</Extensions>
    </Filter>
    <Filter Include="FrameWork\Window\Source Files">
      <UniqueIdentifier>{4FC737F1-C7A5-4376-A066-2A32D752A2FF}</UniqueIdentifier>
      <Extensions>cpp;c;cc;cxx;c++;cppm;ixx;def;odl;idl;hpj;bat;asm;asmx</Extensions>
    </Filter>
    <Filter Include="FrameWork\Engine">
      <UniqueIdentifier>{3d31615c-a89c-495f-8e01-b7e946a00de8}</UniqueIdentifier>
    </Filter>
    <Filter Include="FrameWork\Engine\Header Files">
      <UniqueIdentifier>{9c291d03-3197-4351-99c9-8a2f68d251ed}</UniqueIdentifier>
    </Filter>
    <Filter Include="FrameWork\Engine\SourceFiles">
      <UniqueIdentifier>{f276f719-9ef6-481a-a099-6e0583e4a251}</UniqueIdentifier>
    </Filter>
    <Filter Include="FrameWork\Window\Resource">
      <UniqueIdentifier>{ab54e118-694e-4aa2-9f86-ea02e3f49172}</UniqueIdentifier>
    </Filter>
    <Filter Include="FrameWork\Resource">
      <UniqueIdentifier>{fc16ac28-7441-4030-8831-574bdebeeac1}</UniqueIdentifier>
    </Filter>
    <Filter Include="Scripts">
      <UniqueIdentifier>{5171b50b-020f-4f2f-a64b-a0b52ea4d5aa}</UniqueIdentifier>
    </Filter>
    <Filter Include="Scripts\Source Files">
      <UniqueIdentifier>{267084b3-fe85-45d2-823a-3a09a971c41a}</UniqueIdentifier>
    </Filter>
    <Filter Include="Scripts\Header Files">
      <UniqueIdentifier>{615871ca-dacb-45e0-b359-b35d32dd6191}</UniqueIdentifier>
    </Filter>
    <Filter Include="FrameWork\Ultilities">
      <UniqueIdentifier>{9688644e-e7a1-4623-9913-164ed426aec7}</UniqueIdentifier>
    </Filter>
    <Filter Include="FrameWork\Ultilities\Header Files">
      <UniqueIdentifier>{8e04e15c-d81f-496d-8d2d-8533c1d3055d}</UniqueIdentifier>
    </Filter>
    <Filter Include="FrameWork\Ultilities\Source Files">
      <UniqueIdentifier>{cc6aefe8-77c4-4df2-b533-9b7f2cbae2da}</UniqueIdentifier>
    </Filter>
  </ItemGroup>
  <ItemGroup>
    <ClInclude Include="Framework\Window\Window.h">
      <Filter>FrameWork\Window\Header Files</Filter>
    </ClInclude>
    <ClInclude Include="Framework\Window\CornException.h">
      <Filter>FrameWork\Window\Header Files</Filter>
    </ClInclude>
    <ClInclude Include="Framework\Window\Mouse.h">
      <Filter>FrameWork\Window\Header Files</Filter>
    </ClInclude>
    <ClInclude Include="Framework\Window\CornWnd.h">
      <Filter>FrameWork\Window\Header Files</Filter>
    </ClInclude>
    <ClInclude Include="Framework\Window\KeyBoard.h">
      <Filter>FrameWork\Window\Header Files</Filter>
    </ClInclude>
    <ClInclude Include="resource.h">
      <Filter>FrameWork\Resource</Filter>
    </ClInclude>
    <ClInclude Include="Framework\Engine\App.h">
      <Filter>FrameWork\Engine\Header Files</Filter>
    </ClInclude>
    <ClInclude Include="Framework\Engine\Game.h">
      <Filter>FrameWork\Engine\Header Files</Filter>
    </ClInclude>
    <ClInclude Include="Framework\Engine\Input.h">
      <Filter>FrameWork\Engine\Header Files</Filter>
    </ClInclude>
    <ClInclude Include="Framework\Engine\InputSystem.h">
      <Filter>FrameWork\Engine\Header Files</Filter>
    </ClInclude>
    <ClInclude Include="Framework\Engine\Physic.h">
      <Filter>FrameWork\Engine\Header Files</Filter>
    </ClInclude>
    <ClInclude Include="Framework\Engine\Sound.h">
      <Filter>FrameWork\Engine\Header Files</Filter>
    </ClInclude>
    <ClInclude Include="Framework\Engine\Graphics.h">
      <Filter>FrameWork\Engine\Header Files</Filter>
    </ClInclude>
    <ClInclude Include="Framework\Engine\Sprite.h">
      <Filter>FrameWork\Engine\Header Files</Filter>
    </ClInclude>
    <ClInclude Include="Framework\Engine\GameWnd.h">
      <Filter>FrameWork\Engine\Header Files</Filter>
    </ClInclude>
    <ClInclude Include="Framework\Engine\Setting.h">
      <Filter>FrameWork\Engine\Header Files</Filter>
    </ClInclude>
    <ClInclude Include="Framework\Engine\Scene.h">
      <Filter>FrameWork\Engine\Header Files</Filter>
    </ClInclude>
    <ClInclude Include="Framework\Engine\SceneManager.h">
      <Filter>FrameWork\Engine\Header Files</Filter>
    </ClInclude>
    <ClInclude Include="Framework\Engine\SpaghettiEnginePath.h">
      <Filter>FrameWork\Engine\Header Files</Filter>
    </ClInclude>
    <ClInclude Include="Framework\Engine\GameObj.h">
      <Filter>FrameWork\Engine\Header Files</Filter>
    </ClInclude>
    <ClInclude Include="Framework\Engine\Animation.h">
      <Filter>FrameWork\Engine\Header Files</Filter>
    </ClInclude>
    <ClInclude Include="Framework\Scripts\SpriteRenderer.h">
      <Filter>Scripts\Header Files</Filter>
    </ClInclude>
    <ClInclude Include="Framework\Engine\Texture.h">
      <Filter>FrameWork\Engine\Header Files</Filter>
    </ClInclude>
    <ClInclude Include="Framework\Scripts\ScriptBase.h">
      <Filter>Scripts\Header Files</Filter>
    </ClInclude>
    <ClInclude Include="Framework\Engine\CornDirectX.h">
      <Filter>FrameWork\Engine\Header Files</Filter>
    </ClInclude>
    <ClInclude Include="Framework\Scripts\Camera.h">
      <Filter>Scripts\Header Files</Filter>
    </ClInclude>
    <ClInclude Include="Framework\Engine\GameTimer.h">
      <Filter>FrameWork\Engine\Header Files</Filter>
    </ClInclude>
    <ClInclude Include="Framework\Ultilities\Monitor.h">
      <Filter>FrameWork\Ultilities\Header Files</Filter>
    </ClInclude>
    <ClInclude Include="Framework\Ultilities\Plane2D.h">
      <Filter>FrameWork\Ultilities\Header Files</Filter>
    </ClInclude>
    <ClInclude Include="Framework\Ultilities\StringConverter.h">
      <Filter>FrameWork\Ultilities\Header Files</Filter>
    </ClInclude>
    <ClInclude Include="Framework\Ultilities\Timer.h">
      <Filter>FrameWork\Ultilities\Header Files</Filter>
    </ClInclude>
    <ClInclude Include="Framework\Ultilities\GraphicsMath.h">
      <Filter>FrameWork\Ultilities\Header Files</Filter>
    </ClInclude>
    <ClInclude Include="Framework\Ultilities\json.hpp">
      <Filter>FrameWork\Ultilities\Header Files</Filter>
    </ClInclude>
    <ClInclude Include="Framework\Ultilities\Debug.h">
      <Filter>FrameWork\Ultilities\Header Files</Filter>
    </ClInclude>
    <ClInclude Include="Framework\Engine\WinMain.h">
      <Filter>FrameWork\Engine\Header Files</Filter>
    </ClInclude>
    <ClInclude Include="Framework\Scripts\Animator.h">
      <Filter>Scripts\Header Files</Filter>
    </ClInclude>
    <ClInclude Include="Framework\Engine\Transform.h">
      <Filter>FrameWork\Engine\Header Files</Filter>
    </ClInclude>
    <ClInclude Include="Framework\Scripts\Render2DScriptBase.h">
      <Filter>Scripts\Header Files</Filter>
    </ClInclude>
    <ClInclude Include="Framework\Engine\TileObj.h">
      <Filter>FrameWork\Engine\Header Files</Filter>
    </ClInclude>
    <ClInclude Include="Framework\Scripts\TileSpriteRenderer.h">
      <Filter>Scripts\Header Files</Filter>
    </ClInclude>
  </ItemGroup>
  <ItemGroup>
    <ClCompile Include="Framework\Window\Window.cpp">
      <Filter>FrameWork\Window\Source Files</Filter>
    </ClCompile>
    <ClCompile Include="Framework\Window\CornException.cpp">
      <Filter>FrameWork\Window\Source Files</Filter>
    </ClCompile>
    <ClCompile Include="Framework\Window\Mouse.cpp">
      <Filter>FrameWork\Window\Source Files</Filter>
    </ClCompile>
    <ClCompile Include="Framework\Window\KeyBoard.cpp">
      <Filter>FrameWork\Window\Source Files</Filter>
    </ClCompile>
    <ClCompile Include="Framework\Engine\App.cpp">
      <Filter>FrameWork\Engine\SourceFiles</Filter>
    </ClCompile>
    <ClCompile Include="Framework\Engine\Game.cpp">
      <Filter>FrameWork\Engine\SourceFiles</Filter>
    </ClCompile>
    <ClCompile Include="Framework\Engine\Input.cpp">
      <Filter>FrameWork\Engine\SourceFiles</Filter>
    </ClCompile>
    <ClCompile Include="Framework\Engine\InputSystem.cpp">
      <Filter>FrameWork\Engine\SourceFiles</Filter>
    </ClCompile>
    <ClCompile Include="Framework\Engine\Physic.cpp">
      <Filter>FrameWork\Engine\SourceFiles</Filter>
    </ClCompile>
    <ClCompile Include="Framework\Engine\Sound.cpp">
      <Filter>FrameWork\Engine\SourceFiles</Filter>
    </ClCompile>
    <ClCompile Include="Framework\Engine\WinMain.cpp">
      <Filter>FrameWork\Engine\SourceFiles</Filter>
    </ClCompile>
    <ClCompile Include="Framework\Engine\Graphics.cpp">
      <Filter>FrameWork\Engine\SourceFiles</Filter>
    </ClCompile>
    <ClCompile Include="Framework\Engine\Sprite.cpp">
      <Filter>FrameWork\Engine\SourceFiles</Filter>
    </ClCompile>
    <ClCompile Include="Framework\Engine\Texture.cpp">
      <Filter>FrameWork\Engine\SourceFiles</Filter>
    </ClCompile>
    <ClCompile Include="Framework\Engine\GameWnd.cpp">
      <Filter>FrameWork\Engine\SourceFiles</Filter>
    </ClCompile>
    <ClCompile Include="Framework\Engine\Setting.cpp">
      <Filter>FrameWork\Engine\SourceFiles</Filter>
    </ClCompile>
    <ClCompile Include="Framework\Engine\Scene.cpp">
      <Filter>FrameWork\Engine\SourceFiles</Filter>
    </ClCompile>
    <ClCompile Include="Framework\Engine\SceneManager.cpp">
      <Filter>FrameWork\Engine\SourceFiles</Filter>
    </ClCompile>
    <ClCompile Include="Framework\Engine\GameObj.cpp">
      <Filter>FrameWork\Engine\SourceFiles</Filter>
    </ClCompile>
    <ClCompile Include="Framework\Engine\Animation.cpp">
      <Filter>FrameWork\Engine\SourceFiles</Filter>
    </ClCompile>
    <ClCompile Include="Framework\Scripts\SpriteRenderer.cpp">
      <Filter>Scripts\Source Files</Filter>
    </ClCompile>
    <ClCompile Include="Framework\Scripts\ScriptBase.cpp">
      <Filter>Scripts\Source Files</Filter>
    </ClCompile>
    <ClCompile Include="Framework\Scripts\Camera.cpp">
      <Filter>Scripts\Source Files</Filter>
    </ClCompile>
    <ClCompile Include="Framework\Engine\GameTimer.cpp">
      <Filter>FrameWork\Engine\SourceFiles</Filter>
    </ClCompile>
    <ClCompile Include="Framework\Ultilities\Debug.cpp">
      <Filter>FrameWork\Ultilities\Source Files</Filter>
    </ClCompile>
    <ClCompile Include="Framework\Ultilities\GraphicsMath.cpp">
      <Filter>FrameWork\Ultilities\Source Files</Filter>
    </ClCompile>
    <ClCompile Include="Framework\Ultilities\Monitor.cpp">
      <Filter>FrameWork\Ultilities\Source Files</Filter>
    </ClCompile>
    <ClCompile Include="Framework\Ultilities\Plane2D.cpp">
      <Filter>FrameWork\Ultilities\Source Files</Filter>
    </ClCompile>
    <ClCompile Include="Framework\Ultilities\StringConverter.cpp">
      <Filter>FrameWork\Ultilities\Source Files</Filter>
    </ClCompile>
    <ClCompile Include="Framework\Ultilities\Timer.cpp">
      <Filter>FrameWork\Ultilities\Source Files</Filter>
    </ClCompile>
    <ClCompile Include="Framework\Scripts\Animator.cpp">
      <Filter>Scripts\Source Files</Filter>
    </ClCompile>
    <ClCompile Include="Framework\Engine\Transform.cpp">
      <Filter>FrameWork\Engine\SourceFiles</Filter>
    </ClCompile>
    <ClCompile Include="Framework\Scripts\Render2DScriptBase.cpp">
      <Filter>Scripts\Source Files</Filter>
    </ClCompile>
    <ClCompile Include="Framework\Engine\TileObj.cpp">
      <Filter>FrameWork\Engine\SourceFiles</Filter>
    </ClCompile>
    <ClCompile Include="Framework\Scripts\TileSpriteRenderer.cpp">
      <Filter>Scripts\Source Files</Filter>
    </ClCompile>
  </ItemGroup>
  <ItemGroup>
    <Image Include="Framework\Window\Icon.ico">
      <Filter>FrameWork\Window\Resource</Filter>
    </Image>
  </ItemGroup>
  <ItemGroup>
    <ResourceCompile Include="SpaghettiEngine.rc">
      <Filter>FrameWork\Resource</Filter>
    </ResourceCompile>
  </ItemGroup>
  <ItemGroup>
    <None Include="App.json">
      <Filter>FrameWork\Resource</Filter>
    </None>
    <None Include="Input.json">
      <Filter>FrameWork\Resource</Filter>
    </None>
    <None Include="SpaghettiSettings\SceneManager.json">
      <Filter>FrameWork\Resource</Filter>
    </None>
  </ItemGroup>
</Project>